{
  "name": "who_at_home",
  "version": "1.0.0",
  "lockfileVersion": 1,
  "requires": true,
  "dependencies": {
    "node-nmap": {
      "version": "4.0.0",
      "resolved": "https://registry.npmjs.org/node-nmap/-/node-nmap-4.0.0.tgz",
      "integrity": "sha512-VJGebpYsfqmUm46+Fq0qp1Y9VXGXZ7/WL03tHGy1oJHHxaJ2DvYLMjuYWYHDV0pgUL+e5/9rCN/QEsx3+fU9TA==",
      "requires": {
        "queued-up": "^2.0.2",
        "xml2js": "^0.4.15"
      }
    },
    "one-time": {
      "version": "0.0.4",
      "resolved": "https://registry.npmjs.org/one-time/-/one-time-0.0.4.tgz",
      "integrity": "sha1-+M33eISCb+Tf+T46nMN7HkSAdC4="
    },
    "queued-up": {
      "version": "2.0.2",
      "resolved": "https://registry.npmjs.org/queued-up/-/queued-up-2.0.2.tgz",
      "integrity": "sha1-EindqVqWhI/EMuymsQ7Yb1XNFoY="
    },
    "sax": {
      "version": "1.2.4",
      "resolved": "https://registry.npmjs.org/sax/-/sax-1.2.4.tgz",
      "integrity": "sha512-NqVDv9TpANUjFm0N8uM5GxL36UgKi9/atZw+x7YFnQ8ckwFGKrl4xX4yWtrey3UJm5nP1kUbnYgLopqWNSRhWw=="
    },
    "say": {
      "version": "0.15.0",
      "resolved": "https://registry.npmjs.org/say/-/say-0.15.0.tgz",
      "integrity": "sha512-X/vJ/ETDUnU0WZVJ1HA6AHzJJzT0PvFuZyThJ76wkqwsgcgvqJVH3tf+EqHdDBgANdYUEEmqzYo6I31cvT08pQ==",
      "requires": {
        "one-time": "0.0.4"
      }
    },
    "xml2js": {
      "version": "0.4.19",
      "resolved": "https://registry.npmjs.org/xml2js/-/xml2js-0.4.19.tgz",
      "integrity": "sha512-esZnJZJOiJR9wWKMyuvSE1y6Dq5LCuJanqhxslH2bxM6duahNZ+HMpCLhBQGZkbX6xRf8x1Y2eJlgt2q3qo49Q==",
      "requires": {
        "sax": ">=0.6.0",
        "xmlbuilder": "~9.0.1"
      }
    },
    "xmlbuilder": {
      "version": "9.0.7",
      "resolved": "https://registry.npmjs.org/xmlbuilder/-/xmlbuilder-9.0.7.tgz",
      "integrity": "sha1-Ey7mPS7FVlxVfiD0wi35rKaGsQ0="
    }
  }
}
